
Microsoft Visual Studio Solution File, Format Version 12.00
# Visual Studio Version 16
VisualStudioVersion = 16.0.35130.168
MinimumVisualStudioVersion = 10.0.40219.1
Project("{FAE04EC0-301F-11D3-BF4B-00C04F79EFBC}") = "Inheritance", "Inheritance\Inheritance.csproj", "{8E164390-791E-4E3C-9C5A-FF1820903305}"
EndProject
Project("{FAE04EC0-301F-11D3-BF4B-00C04F79EFBC}") = "Academy", "Academy\Academy.csproj", "{7FA52E96-3E8E-4DF8-8339-AAB13C667CC8}"
EndProject
Global
	GlobalSection(SolutionConfigurationPlatforms) = preSolution
		Debug|Any CPU = Debug|Any CPU
		Release|Any CPU = Release|Any CPU
	EndGlobalSection
	GlobalSection(ProjectConfigurationPlatforms) = postSolution
		{8E164390-791E-4E3C-9C5A-FF1820903305}.Debug|Any CPU.ActiveCfg = Debug|Any CPU
		{8E164390-791E-4E3C-9C5A-FF1820903305}.Debug|Any CPU.Build.0 = Debug|Any CPU
		{8E164390-791E-4E3C-9C5A-FF1820903305}.Release|Any CPU.ActiveCfg = Release|Any CPU
		{8E164390-791E-4E3C-9C5A-FF1820903305}.Release|Any CPU.Build.0 = Release|Any CPU
		{7FA52E96-3E8E-4DF8-8339-AAB13C667CC8}.Debug|Any CPU.ActiveCfg = Debug|Any CPU
		{7FA52E96-3E8E-4DF8-8339-AAB13C667CC8}.Debug|Any CPU.Build.0 = Debug|Any CPU
		{7FA52E96-3E8E-4DF8-8339-AAB13C667CC8}.Release|Any CPU.ActiveCfg = Release|Any CPU
		{7FA52E96-3E8E-4DF8-8339-AAB13C667CC8}.Release|Any CPU.Build.0 = Release|Any CPU
	EndGlobalSection
	GlobalSection(SolutionProperties) = preSolution
		HideSolutionNode = FALSE
	EndGlobalSection
	GlobalSection(ExtensibilityGlobals) = postSolution
		SolutionGuid = {97BCEFDB-1738-4F39-ACDF-E20FA1E51426}
	EndGlobalSection
EndGlobal
